
Microsoft Visual Studio Solution File, Format Version 12.00
# Visual Studio 14
VisualStudioVersion = 14.0.23107.0
MinimumVisualStudioVersion = 10.0.40219.1
Project("{FAE04EC0-301F-11D3-BF4B-00C04F79EFBC}") = "AngularEducationBackend", "AngularEducationBackend\AngularEducationBackend.csproj", "{620D3548-9DB0-4638-B4BA-C46943A5AE88}"
EndProject
Project("{FAE04EC0-301F-11D3-BF4B-00C04F79EFBC}") = "AngularEducation", "AngularEducation\AngularEducation.csproj", "{C4B20593-2511-48FC-99C6-1CEE783AA0B7}"
EndProject
Global
	GlobalSection(SolutionConfigurationPlatforms) = preSolution
		Debug|Any CPU = Debug|Any CPU
		Release|Any CPU = Release|Any CPU
	EndGlobalSection
	GlobalSection(ProjectConfigurationPlatforms) = postSolution
		{620D3548-9DB0-4638-B4BA-C46943A5AE88}.Debug|Any CPU.ActiveCfg = Debug|Any CPU
		{620D3548-9DB0-4638-B4BA-C46943A5AE88}.Debug|Any CPU.Build.0 = Debug|Any CPU
		{620D3548-9DB0-4638-B4BA-C46943A5AE88}.Release|Any CPU.ActiveCfg = Release|Any CPU
		{620D3548-9DB0-4638-B4BA-C46943A5AE88}.Release|Any CPU.Build.0 = Release|Any CPU
		{C4B20593-2511-48FC-99C6-1CEE783AA0B7}.Debug|Any CPU.ActiveCfg = Debug|Any CPU
		{C4B20593-2511-48FC-99C6-1CEE783AA0B7}.Debug|Any CPU.Build.0 = Debug|Any CPU
		{C4B20593-2511-48FC-99C6-1CEE783AA0B7}.Release|Any CPU.ActiveCfg = Release|Any CPU
		{C4B20593-2511-48FC-99C6-1CEE783AA0B7}.Release|Any CPU.Build.0 = Release|Any CPU
	EndGlobalSection
	GlobalSection(SolutionProperties) = preSolution
		HideSolutionNode = FALSE
	EndGlobalSection
EndGlobal
